
Microsoft Visual Studio Solution File, Format Version 12.00
# Visual Studio Version 17
VisualStudioVersion = 17.6.33815.320
MinimumVisualStudioVersion = 10.0.40219.1
Project("{FAE04EC0-301F-11D3-BF4B-00C04F79EFBC}") = "eTickets", "eTickets.csproj", "{BE65A20A-A295-4633-9D76-B16952B57EC5}"
EndProject
Global
	GlobalSection(SolutionConfigurationPlatforms) = preSolution
		Debug|Any CPU = Debug|Any CPU
		Release|Any CPU = Release|Any CPU
	EndGlobalSection
	GlobalSection(ProjectConfigurationPlatforms) = postSolution
		{BE65A20A-A295-4633-9D76-B16952B57EC5}.Debug|Any CPU.ActiveCfg = Debug|Any CPU
		{BE65A20A-A295-4633-9D76-B16952B57EC5}.Debug|Any CPU.Build.0 = Debug|Any CPU
		{BE65A20A-A295-4633-9D76-B16952B57EC5}.Release|Any CPU.ActiveCfg = Release|Any CPU
		{BE65A20A-A295-4633-9D76-B16952B57EC5}.Release|Any CPU.Build.0 = Release|Any CPU
	EndGlobalSection
	GlobalSection(SolutionProperties) = preSolution
		HideSolutionNode = FALSE
	EndGlobalSection
	GlobalSection(ExtensibilityGlobals) = postSolution
		SolutionGuid = {112617B3-AB72-4F7E-9268-23B01C3CD3AF}
	EndGlobalSection
EndGlobal
